
Microsoft Visual Studio Solution File, Format Version 12.00
# Visual Studio Version 17
VisualStudioVersion = 17.9.34728.123
MinimumVisualStudioVersion = 10.0.40219.1
Project("{FAE04EC0-301F-11D3-BF4B-00C04F79EFBC}") = "GitDemoApp", "GitDemoApp\GitDemoApp.csproj", "{7BFAB78E-7126-43EA-8602-C04CFE74A061}"
EndProject
Global
	GlobalSection(SolutionConfigurationPlatforms) = preSolution
		Debug|Any CPU = Debug|Any CPU
		Release|Any CPU = Release|Any CPU
	EndGlobalSection
	GlobalSection(ProjectConfigurationPlatforms) = postSolution
		{7BFAB78E-7126-43EA-8602-C04CFE74A061}.Debug|Any CPU.ActiveCfg = Debug|Any CPU
		{7BFAB78E-7126-43EA-8602-C04CFE74A061}.Debug|Any CPU.Build.0 = Debug|Any CPU
		{7BFAB78E-7126-43EA-8602-C04CFE74A061}.Release|Any CPU.ActiveCfg = Release|Any CPU
		{7BFAB78E-7126-43EA-8602-C04CFE74A061}.Release|Any CPU.Build.0 = Release|Any CPU
	EndGlobalSection
	GlobalSection(SolutionProperties) = preSolution
		HideSolutionNode = FALSE
	EndGlobalSection
	GlobalSection(ExtensibilityGlobals) = postSolution
		SolutionGuid = {83483837-7D69-4781-B0C6-1893884D7F84}
	EndGlobalSection
EndGlobal
